
Microsoft Visual Studio Solution File, Format Version 12.00
# Visual Studio Version 16
VisualStudioVersion = 16.0.30309.148
MinimumVisualStudioVersion = 10.0.40219.1
Project("{FAE04EC0-301F-11D3-BF4B-00C04F79EFBC}") = "Animating in monogame", "Animating in monogame.csproj", "{270CE3C1-AF5F-4B4F-9DFC-A9DC3AD11693}"
EndProject
Global
	GlobalSection(SolutionConfigurationPlatforms) = preSolution
		Debug|Any CPU = Debug|Any CPU
		Release|Any CPU = Release|Any CPU
	EndGlobalSection
	GlobalSection(ProjectConfigurationPlatforms) = postSolution
		{270CE3C1-AF5F-4B4F-9DFC-A9DC3AD11693}.Debug|Any CPU.ActiveCfg = Debug|Any CPU
		{270CE3C1-AF5F-4B4F-9DFC-A9DC3AD11693}.Debug|Any CPU.Build.0 = Debug|Any CPU
		{270CE3C1-AF5F-4B4F-9DFC-A9DC3AD11693}.Release|Any CPU.ActiveCfg = Release|Any CPU
		{270CE3C1-AF5F-4B4F-9DFC-A9DC3AD11693}.Release|Any CPU.Build.0 = Release|Any CPU
	EndGlobalSection
	GlobalSection(SolutionProperties) = preSolution
		HideSolutionNode = FALSE
	EndGlobalSection
	GlobalSection(ExtensibilityGlobals) = postSolution
		SolutionGuid = {1C172DD2-F463-4677-95D8-6F4FB06E93B5}
	EndGlobalSection
EndGlobal
